
Microsoft Visual Studio Solution File, Format Version 10.00
# Visual C# Express 2008
Project("{FAE04EC0-301F-11D3-BF4B-00C04F79EFBC}") = "SGM", "SGM\SGM.csproj", "{334577B7-651C-4558-B529-17CB62F8F749}"
EndProject
Global
	GlobalSection(SolutionConfigurationPlatforms) = preSolution
		Debug|Any CPU = Debug|Any CPU
		Release|Any CPU = Release|Any CPU
	EndGlobalSection
	GlobalSection(ProjectConfigurationPlatforms) = postSolution
		{334577B7-651C-4558-B529-17CB62F8F749}.Debug|Any CPU.ActiveCfg = Debug|Any CPU
		{334577B7-651C-4558-B529-17CB62F8F749}.Debug|Any CPU.Build.0 = Debug|Any CPU
		{334577B7-651C-4558-B529-17CB62F8F749}.Release|Any CPU.ActiveCfg = Release|Any CPU
		{334577B7-651C-4558-B529-17CB62F8F749}.Release|Any CPU.Build.0 = Release|Any CPU
	EndGlobalSection
	GlobalSection(SolutionProperties) = preSolution
		HideSolutionNode = FALSE
	EndGlobalSection
EndGlobal
